// !$*UTF8*$!
{
	archiveVersion = 1;
	classes = {
	};
	objectVersion = 50;
	objects = {

/* Begin PBXBuildFile section */
		AFB8D53022248C4A00919115 /* AppDelegate.swift in Sources */ = {isa = PBXBuildFile; fileRef = AFB8D52F22248C4A00919115 /* AppDelegate.swift */; };
		AFB8D53522248C4A00919115 /* Main.storyboard in Resources */ = {isa = PBXBuildFile; fileRef = AFB8D53322248C4A00919115 /* Main.storyboard */; };
		AFB8D53722248C4C00919115 /* Assets.xcassets in Resources */ = {isa = PBXBuildFile; fileRef = AFB8D53622248C4C00919115 /* Assets.xcassets */; };
		AFB8D53A22248C4C00919115 /* LaunchScreen.storyboard in Resources */ = {isa = PBXBuildFile; fileRef = AFB8D53822248C4C00919115 /* LaunchScreen.storyboard */; };
		AFB8D54222248E1500919115 /* Entry.swift in Sources */ = {isa = PBXBuildFile; fileRef = AFB8D54122248E1500919115 /* Entry.swift */; };
		AFB8D5482224923800919115 /* EntryController.swift in Sources */ = {isa = PBXBuildFile; fileRef = AFB8D5472224923800919115 /* EntryController.swift */; };
		AFB8D54B22249BFD00919115 /* EntryTableViewController.swift in Sources */ = {isa = PBXBuildFile; fileRef = AFB8D54A22249BFD00919115 /* EntryTableViewController.swift */; };
		AFB8D54E2224A1CB00919115 /* EntryDetailViewController.swift in Sources */ = {isa = PBXBuildFile; fileRef = AFB8D54D2224A1CB00919115 /* EntryDetailViewController.swift */; };
		AFB8D5522224A5F500919115 /* CloudKit.framework in Frameworks */ = {isa = PBXBuildFile; fileRef = AFB8D5512224A5F500919115 /* CloudKit.framework */; };
/* End PBXBuildFile section */

/* Begin PBXFileReference section */
		AFB8D52C22248C4A00919115 /* CloudKitJournal.app */ = {isa = PBXFileReference; explicitFileType = wrapper.application; includeInIndex = 0; path = CloudKitJournal.app; sourceTree = BUILT_PRODUCTS_DIR; };
		AFB8D52F22248C4A00919115 /* AppDelegate.swift */ = {isa = PBXFileReference; lastKnownFileType = sourcecode.swift; path = AppDelegate.swift; sourceTree = "<group>"; };
		AFB8D53422248C4A00919115 /* Base */ = {isa = PBXFileReference; lastKnownFileType = file.storyboard; name = Base; path = Base.lproj/Main.storyboard; sourceTree = "<group>"; };
		AFB8D53622248C4C00919115 /* Assets.xcassets */ = {isa = PBXFileReference; lastKnownFileType = folder.assetcatalog; path = Assets.xcassets; sourceTree = "<group>"; };
		AFB8D53922248C4C00919115 /* Base */ = {isa = PBXFileReference; lastKnownFileType = file.storyboard; name = Base; path = Base.lproj/LaunchScreen.storyboard; sourceTree = "<group>"; };
		AFB8D53B22248C4C00919115 /* Info.plist */ = {isa = PBXFileReference; lastKnownFileType = text.plist.xml; path = Info.plist; sourceTree = "<group>"; };
		AFB8D54122248E1500919115 /* Entry.swift */ = {isa = PBXFileReference; lastKnownFileType = sourcecode.swift; path = Entry.swift; sourceTree = "<group>"; };
		AFB8D5472224923800919115 /* EntryController.swift */ = {isa = PBXFileReference; lastKnownFileType = sourcecode.swift; path = EntryController.swift; sourceTree = "<group>"; };
		AFB8D54A22249BFD00919115 /* EntryTableViewController.swift */ = {isa = PBXFileReference; lastKnownFileType = sourcecode.swift; path = EntryTableViewController.swift; sourceTree = "<group>"; };
		AFB8D54D2224A1CB00919115 /* EntryDetailViewController.swift */ = {isa = PBXFileReference; lastKnownFileType = sourcecode.swift; path = EntryDetailViewController.swift; sourceTree = "<group>"; };
		AFB8D54F2224A5EF00919115 /* CloudKitJournal.entitlements */ = {isa = PBXFileReference; lastKnownFileType = text.plist.entitlements; path = CloudKitJournal.entitlements; sourceTree = "<group>"; };
		AFB8D5512224A5F500919115 /* CloudKit.framework */ = {isa = PBXFileReference; lastKnownFileType = wrapper.framework; name = CloudKit.framework; path = System/Library/Frameworks/CloudKit.framework; sourceTree = SDKROOT; };
/* End PBXFileReference section */

/* Begin PBXFrameworksBuildPhase section */
		AFB8D52922248C4A00919115 /* Frameworks */ = {
			isa = PBXFrameworksBuildPhase;
			buildActionMask = 2147483647;
			files = (
				AFB8D5522224A5F500919115 /* CloudKit.framework in Frameworks */,
			);
			runOnlyForDeploymentPostprocessing = 0;
		};
/* End PBXFrameworksBuildPhase section */

/* Begin PBXGroup section */
		AFB8D52322248C4A00919115 = {
			isa = PBXGroup;
			children = (
				AFB8D52E22248C4A00919115 /* CloudKitJournal */,
				AFB8D52D22248C4A00919115 /* Products */,
				AFB8D5502224A5F500919115 /* Frameworks */,
			);
			sourceTree = "<group>";
		};
		AFB8D52D22248C4A00919115 /* Products */ = {
			isa = PBXGroup;
			children = (
				AFB8D52C22248C4A00919115 /* CloudKitJournal.app */,
			);
			name = Products;
			sourceTree = "<group>";
		};
		AFB8D52E22248C4A00919115 /* CloudKitJournal */ = {
			isa = PBXGroup;
			children = (
				AFB8D54F2224A5EF00919115 /* CloudKitJournal.entitlements */,
				AFB8D54422248E2A00919115 /* Models */,
				AFB8D54322248E2400919115 /* Views */,
				AFB8D5462224920500919115 /* Controllers */,
				AFB8D54522248E3300919115 /* Resources */,
			);
			path = CloudKitJournal;
			sourceTree = "<group>";
		};
		AFB8D54322248E2400919115 /* Views */ = {
			isa = PBXGroup;
			children = (
				AFB8D53322248C4A00919115 /* Main.storyboard */,
			);
			path = Views;
			sourceTree = "<group>";
		};
		AFB8D54422248E2A00919115 /* Models */ = {
			isa = PBXGroup;
			children = (
				AFB8D54122248E1500919115 /* Entry.swift */,
			);
			path = Models;
			sourceTree = "<group>";
		};
		AFB8D54522248E3300919115 /* Resources */ = {
			isa = PBXGroup;
			children = (
				AFB8D53622248C4C00919115 /* Assets.xcassets */,
				AFB8D53822248C4C00919115 /* LaunchScreen.storyboard */,
				AFB8D53B22248C4C00919115 /* Info.plist */,
				AFB8D52F22248C4A00919115 /* AppDelegate.swift */,
			);
			path = Resources;
			sourceTree = "<group>";
		};
		AFB8D5462224920500919115 /* Controllers */ = {
			isa = PBXGroup;
			children = (
				AFB8D54922249BE000919115 /* Model Controller */,
				AFB8D54C22249CC700919115 /* View Controller */,
			);
			path = Controllers;
			sourceTree = "<group>";
		};
		AFB8D54922249BE000919115 /* Model Controller */ = {
			isa = PBXGroup;
			children = (
				AFB8D5472224923800919115 /* EntryController.swift */,
			);
			path = "Model Controller";
			sourceTree = "<group>";
		};
		AFB8D54C22249CC700919115 /* View Controller */ = {
			isa = PBXGroup;
			children = (
				AFB8D54A22249BFD00919115 /* EntryTableViewController.swift */,
				AFB8D54D2224A1CB00919115 /* EntryDetailViewController.swift */,
			);
			path = "View Controller";
			sourceTree = "<group>";
		};
		AFB8D5502224A5F500919115 /* Frameworks */ = {
			isa = PBXGroup;
			children = (
				AFB8D5512224A5F500919115 /* CloudKit.framework */,
			);
			name = Frameworks;
			sourceTree = "<group>";
		};
/* End PBXGroup section */

/* Begin PBXNativeTarget section */
		AFB8D52B22248C4A00919115 /* CloudKitJournal */ = {
			isa = PBXNativeTarget;
			buildConfigurationList = AFB8D53E22248C4C00919115 /* Build configuration list for PBXNativeTarget "CloudKitJournal" */;
			buildPhases = (
				AFB8D52822248C4A00919115 /* Sources */,
				AFB8D52922248C4A00919115 /* Frameworks */,
				AFB8D52A22248C4A00919115 /* Resources */,
			);
			buildRules = (
			);
			dependencies = (
			);
			name = CloudKitJournal;
			productName = CloudKitJournal;
			productReference = AFB8D52C22248C4A00919115 /* CloudKitJournal.app */;
			productType = "com.apple.product-type.application";
		};
/* End PBXNativeTarget section */

/* Begin PBXProject section */
		AFB8D52422248C4A00919115 /* Project object */ = {
			isa = PBXProject;
			attributes = {
				LastSwiftUpdateCheck = 1010;
				LastUpgradeCheck = 1010;
				ORGANIZATIONNAME = "Hannah Hoff";
				TargetAttributes = {
					AFB8D52B22248C4A00919115 = {
						CreatedOnToolsVersion = 10.1;
						SystemCapabilities = {
							com.apple.Push = {
								enabled = 1;
							};
							com.apple.iCloud = {
								enabled = 1;
							};
						};
					};
				};
			};
			buildConfigurationList = AFB8D52722248C4A00919115 /* Build configuration list for PBXProject "CloudKitJournal" */;
			compatibilityVersion = "Xcode 9.3";
			developmentRegion = en;
			hasScannedForEncodings = 0;
			knownRegions = (
				en,
				Base,
			);
			mainGroup = AFB8D52322248C4A00919115;
			productRefGroup = AFB8D52D22248C4A00919115 /* Products */;
			projectDirPath = "";
			projectRoot = "";
			targets = (
				AFB8D52B22248C4A00919115 /* CloudKitJournal */,
			);
		};
/* End PBXProject section */

/* Begin PBXResourcesBuildPhase section */
		AFB8D52A22248C4A00919115 /* Resources */ = {
			isa = PBXResourcesBuildPhase;
			buildActionMask = 2147483647;
			files = (
				AFB8D53A22248C4C00919115 /* LaunchScreen.storyboard in Resources */,
				AFB8D53722248C4C00919115 /* Assets.xcassets in Resources */,
				AFB8D53522248C4A00919115 /* Main.storyboard in Resources */,
			);
			runOnlyForDeploymentPostprocessing = 0;
		};
/* End PBXResourcesBuildPhase section */

/* Begin PBXSourcesBuildPhase section */
		AFB8D52822248C4A00919115 /* Sources */ = {
			isa = PBXSourcesBuildPhase;
			buildActionMask = 2147483647;
			files = (
				AFB8D5482224923800919115 /* EntryController.swift in Sources */,
				AFB8D54222248E1500919115 /* Entry.swift in Sources */,
				AFB8D54B22249BFD00919115 /* EntryTableViewController.swift in Sources */,
				AFB8D54E2224A1CB00919115 /* EntryDetailViewController.swift in Sources */,
				AFB8D53022248C4A00919115 /* AppDelegate.swift in Sources */,
			);
			runOnlyForDeploymentPostprocessing = 0;
		};
/* End PBXSourcesBuildPhase section */

/* Begin PBXVariantGroup section */
		AFB8D53322248C4A00919115 /* Main.storyboard */ = {
			isa = PBXVariantGroup;
			children = (
				AFB8D53422248C4A00919115 /* Base */,
			);
			name = Main.storyboard;
			sourceTree = "<group>";
		};
		AFB8D53822248C4C00919115 /* LaunchScreen.storyboard */ = {
			isa = PBXVariantGroup;
			children = (
				AFB8D53922248C4C00919115 /* Base */,
			);
			name = LaunchScreen.storyboard;
			sourceTree = "<group>";
		};
/* End PBXVariantGroup section */

/* Begin XCBuildConfiguration section */
		AFB8D53C22248C4C00919115 /* Debug */ = {
			isa = XCBuildConfiguration;
			buildSettings = {
				ALWAYS_SEARCH_USER_PATHS = NO;
				CLANG_ANALYZER_NONNULL = YES;
				CLANG_ANALYZER_NUMBER_OBJECT_CONVERSION = YES_AGGRESSIVE;
				CLANG_CXX_LANGUAGE_STANDARD = "gnu++14";
				CLANG_CXX_LIBRARY = "libc++";
				CLANG_ENABLE_MODULES = YES;
				CLANG_ENABLE_OBJC_ARC = YES;
				CLANG_ENABLE_OBJC_WEAK = YES;
				CLANG_WARN_BLOCK_CAPTURE_AUTORELEASING = YES;
				CLANG_WARN_BOOL_CONVERSION = YES;
				CLANG_WARN_COMMA = YES;
				CLANG_WARN_CONSTANT_CONVERSION = YES;
				CLANG_WARN_DEPRECATED_OBJC_IMPLEMENTATIONS = YES;
				CLANG_WARN_DIRECT_OBJC_ISA_USAGE = YES_ERROR;
				CLANG_WARN_DOCUMENTATION_COMMENTS = YES;
				CLANG_WARN_EMPTY_BODY = YES;
				CLANG_WARN_ENUM_CONVERSION = YES;
				CLANG_WARN_INFINITE_RECURSION = YES;
				CLANG_WARN_INT_CONVERSION = YES;
				CLANG_WARN_NON_LITERAL_NULL_CONVERSION = YES;
				CLANG_WARN_OBJC_IMPLICIT_RETAIN_SELF = YES;
				CLANG_WARN_OBJC_LITERAL_CONVERSION = YES;
				CLANG_WARN_OBJC_ROOT_CLASS = YES_ERROR;
				CLANG_WARN_RANGE_LOOP_ANALYSIS = YES;
				CLANG_WARN_STRICT_PROTOTYPES = YES;
				CLANG_WARN_SUSPICIOUS_MOVE = YES;
				CLANG_WARN_UNGUARDED_AVAILABILITY = YES_AGGRESSIVE;
				CLANG_WARN_UNREACHABLE_CODE = YES;
				CLANG_WARN__DUPLICATE_METHOD_MATCH = YES;
				CODE_SIGN_IDENTITY = "iPhone Developer";
				COPY_PHASE_STRIP = NO;
				DEBUG_INFORMATION_FORMAT = dwarf;
				ENABLE_STRICT_OBJC_MSGSEND = YES;
				ENABLE_TESTABILITY = YES;
				GCC_C_LANGUAGE_STANDARD = gnu11;
				GCC_DYNAMIC_NO_PIC = NO;
				GCC_NO_COMMON_BLOCKS = YES;
				GCC_OPTIMIZATION_LEVEL = 0;
				GCC_PREPROCESSOR_DEFINITIONS = (
					"DEBUG=1",
					"$(inherited)",
				);
				GCC_WARN_64_TO_32_BIT_CONVERSION = YES;
				GCC_WARN_ABOUT_RETURN_TYPE = YES_ERROR;
				GCC_WARN_UNDECLARED_SELECTOR = YES;
				GCC_WARN_UNINITIALIZED_AUTOS = YES_AGGRESSIVE;
				GCC_WARN_UNUSED_FUNCTION = YES;
				GCC_WARN_UNUSED_VARIABLE = YES;
				IPHONEOS_DEPLOYMENT_TARGET = 12.1;
				MTL_ENABLE_DEBUG_INFO = INCLUDE_SOURCE;
				MTL_FAST_MATH = YES;
				ONLY_ACTIVE_ARCH = YES;
				SDKROOT = iphoneos;
				SWIFT_ACTIVE_COMPILATION_CONDITIONS = DEBUG;
				SWIFT_OPTIMIZATION_LEVEL = "-Onone";
			};
			name = Debug;
		};
		AFB8D53D22248C4C00919115 /* Release */ = {
			isa = XCBuildConfiguration;
			buildSettings = {
				ALWAYS_SEARCH_USER_PATHS = NO;
				CLANG_ANALYZER_NONNULL = YES;
				CLANG_ANALYZER_NUMBER_OBJECT_CONVERSION = YES_AGGRESSIVE;
				CLANG_CXX_LANGUAGE_STANDARD = "gnu++14";
				CLANG_CXX_LIBRARY = "libc++";
				CLANG_ENABLE_MODULES = YES;
				CLANG_ENABLE_OBJC_ARC = YES;
				CLANG_ENABLE_OBJC_WEAK = YES;
				CLANG_WARN_BLOCK_CAPTURE_AUTORELEASING = YES;
				CLANG_WARN_BOOL_CONVERSION = YES;
				CLANG_WARN_COMMA = YES;
				CLANG_WARN_CONSTANT_CONVERSION = YES;
				CLANG_WARN_DEPRECATED_OBJC_IMPLEMENTATIONS = YES;
				CLANG_WARN_DIRECT_OBJC_ISA_USAGE = YES_ERROR;
				CLANG_WARN_DOCUMENTATION_COMMENTS = YES;
				CLANG_WARN_EMPTY_BODY = YES;
				CLANG_WARN_ENUM_CONVERSION = YES;
				CLANG_WARN_INFINITE_RECURSION = YES;
				CLANG_WARN_INT_CONVERSION = YES;
				CLANG_WARN_NON_LITERAL_NULL_CONVERSION = YES;
				CLANG_WARN_OBJC_IMPLICIT_RETAIN_SELF = YES;
				CLANG_WARN_OBJC_LITERAL_CONVERSION = YES;
				CLANG_WARN_OBJC_ROOT_CLASS = YES_ERROR;
				CLANG_WARN_RANGE_LOOP_ANALYSIS = YES;
				CLANG_WARN_STRICT_PROTOTYPES = YES;
				CLANG_WARN_SUSPICIOUS_MOVE = YES;
				CLANG_WARN_UNGUARDED_AVAILABILITY = YES_AGGRESSIVE;
				CLANG_WARN_UNREACHABLE_CODE = YES;
				CLANG_WARN__DUPLICATE_METHOD_MATCH = YES;
				CODE_SIGN_IDENTITY = "iPhone Developer";
				COPY_PHASE_STRIP = NO;
				DEBUG_INFORMATION_FORMAT = "dwarf-with-dsym";
				ENABLE_NS_ASSERTIONS = NO;
				ENABLE_STRICT_OBJC_MSGSEND = YES;
				GCC_C_LANGUAGE_STANDARD = gnu11;
				GCC_NO_COMMON_BLOCKS = YES;
				GCC_WARN_64_TO_32_BIT_CONVERSION = YES;
				GCC_WARN_ABOUT_RETURN_TYPE = YES_ERROR;
				GCC_WARN_UNDECLARED_SELECTOR = YES;
				GCC_WARN_UNINITIALIZED_AUTOS = YES_AGGRESSIVE;
				GCC_WARN_UNUSED_FUNCTION = YES;
				GCC_WARN_UNUSED_VARIABLE = YES;
				IPHONEOS_DEPLOYMENT_TARGET = 12.1;
				MTL_ENABLE_DEBUG_INFO = NO;
				MTL_FAST_MATH = YES;
				SDKROOT = iphoneos;
				SWIFT_COMPILATION_MODE = wholemodule;
				SWIFT_OPTIMIZATION_LEVEL = "-O";
				VALIDATE_PRODUCT = YES;
			};
			name = Release;
		};
		AFB8D53F22248C4C00919115 /* Debug */ = {
			isa = XCBuildConfiguration;
			buildSettings = {
				ASSETCATALOG_COMPILER_APPICON_NAME = AppIcon;
				CODE_SIGN_ENTITLEMENTS = CloudKitJournal/CloudKitJournal.entitlements;
				CODE_SIGN_STYLE = Automatic;
				DEVELOPMENT_TEAM = L5VMA54SBQ;
				INFOPLIST_FILE = "$(SRCROOT)/CloudKitJournal/Resources/Info.plist";
				LD_RUNPATH_SEARCH_PATHS = (
					"$(inherited)",
					"@executable_path/Frameworks",
				);
				PRODUCT_BUNDLE_IDENTIFIER = com.hannahhoff.CloudKitJournal;
				PRODUCT_NAME = "$(TARGET_NAME)";
				SWIFT_VERSION = 4.2;
				TARGETED_DEVICE_FAMILY = "1,2";
			};
			name = Debug;
		};
		AFB8D54022248C4C00919115 /* Release */ = {
			isa = XCBuildConfiguration;
			buildSettings = {
				ASSETCATALOG_COMPILER_APPICON_NAME = AppIcon;
				CODE_SIGN_ENTITLEMENTS = CloudKitJournal/CloudKitJournal.entitlements;
				CODE_SIGN_STYLE = Automatic;
				DEVELOPMENT_TEAM = L5VMA54SBQ;
				INFOPLIST_FILE = "$(SRCROOT)/CloudKitJournal/Resources/Info.plist";
				LD_RUNPATH_SEARCH_PATHS = (
					"$(inherited)",
					"@executable_path/Frameworks",
				);
				PRODUCT_BUNDLE_IDENTIFIER = com.hannahhoff.CloudKitJournal;
				PRODUCT_NAME = "$(TARGET_NAME)";
				SWIFT_VERSION = 4.2;
				TARGETED_DEVICE_FAMILY = "1,2";
			};
			name = Release;
		};
/* End XCBuildConfiguration section */

/* Begin XCConfigurationList section */
		AFB8D52722248C4A00919115 /* Build configuration list for PBXProject "CloudKitJournal" */ = {
			isa = XCConfigurationList;
			buildConfigurations = (
				AFB8D53C22248C4C00919115 /* Debug */,
				AFB8D53D22248C4C00919115 /* Release */,
			);
			defaultConfigurationIsVisible = 0;
			defaultConfigurationName = Release;
		};
		AFB8D53E22248C4C00919115 /* Build configuration list for PBXNativeTarget "CloudKitJournal" */ = {
			isa = XCConfigurationList;
			buildConfigurations = (
				AFB8D53F22248C4C00919115 /* Debug */,
				AFB8D54022248C4C00919115 /* Release */,
			);
			defaultConfigurationIsVisible = 0;
			defaultConfigurationName = Release;
		};
/* End XCConfigurationList section */
	};
	rootObject = AFB8D52422248C4A00919115 /* Project object */;
}
